PODS:
  - Alamofire (4.8.0)
  - AlamofireImage (3.5.0):
    - Alamofire (~> 4.8)
  - DropDown (2.3.2)
  - ImageSlideshow (1.7.0):
    - ImageSlideshow/Core (= 1.7.0)
  - ImageSlideshow/Alamofire (1.7.0):
    - AlamofireImage (~> 3.0)
    - ImageSlideshow/Core
  - ImageSlideshow/Core (1.7.0)
  - IQKeyboardManagerSwift (6.2.0)
  - PersianDatePicker (0.7.0)
  - SwiftyJSON (4.2.0)
  - Toast-Swift (3.0.1)

DEPENDENCIES:
  - Alamofire (~> 4.7)
  - DropDown (= 2.3.2)
  - ImageSlideshow (~> 1.6)
  - ImageSlideshow/Alamofire
  - IQKeyboardManagerSwift (~> 6.1)
  - PersianDatePicker
  - SwiftyJSON (~> 4.1)
  - Toast-Swift (~> 3.0)

SPEC REPOS:
  https://github.com/cocoapods/specs.git:
    - Alamofire
    - AlamofireImage
    - DropDown
    - ImageSlideshow
    - IQKeyboardManagerSwift
    - PersianDatePicker
    - SwiftyJSON
    - Toast-Swift

SPEC CHECKSUMS:
  Alamofire: 3ec537f71edc9804815215393ae2b1a8ea33a844
  AlamofireImage: 1aea346f4dda2f6c67622fa5a89fcbb80d79cc16
  DropDown: 7f87abecc28f9b4edad810fe1211c5c018c257e5
  ImageSlideshow: f8eec5e37a980f60923b585ff23b0e140fd24018
  IQKeyboardManagerSwift: b07ccf9d8cafe993dcd6cb794eb4ba34611a0c4e
  PersianDatePicker: 0d84491241d847a1c3ad09392f7ddaf894bf8872
  SwiftyJSON: c4bcba26dd9ec7a027fc8eade48e2c911f229e96
  Toast-Swift: ba0b01b095aada709d915f9beb1d38184a2721c3

PODFILE CHECKSUM: f172a3ec62f64ee80ebc261319e1a13b9a0fc7e0

COCOAPODS: 1.5.2
