// !$*UTF8*$!
{
	archiveVersion = 1;
	classes = {
	};
	objectVersion = 50;
	objects = {

/* Begin PBXBuildFile section */
		6CD4A0C2053C8D3903AA64CA /* Pods_NirooGostaran.framework in Frameworks */ = {isa = PBXBuildFile; fileRef = A1796275B88B0824AFA49C2F /* Pods_NirooGostaran.framework */; };
		E81BC7DB213E5ADC00BE4114 /* AppDelegate.swift in Sources */ = {isa = PBXBuildFile; fileRef = E81BC7DA213E5ADC00BE4114 /* AppDelegate.swift */; };
		E81BC7DD213E5ADC00BE4114 /* ViewController.swift in Sources */ = {isa = PBXBuildFile; fileRef = E81BC7DC213E5ADC00BE4114 /* ViewController.swift */; };
		E81BC7E0213E5ADC00BE4114 /* Main.storyboard in Resources */ = {isa = PBXBuildFile; fileRef = E81BC7DE213E5ADC00BE4114 /* Main.storyboard */; };
		E81BC7E5213E5ADD00BE4114 /* LaunchScreen.storyboard in Resources */ = {isa = PBXBuildFile; fileRef = E81BC7E3213E5ADD00BE4114 /* LaunchScreen.storyboard */; };
		E845436A21C0FDA40064FCBC /* HomeViewController.swift in Sources */ = {isa = PBXBuildFile; fileRef = E845436921C0FDA40064FCBC /* HomeViewController.swift */; };
		E845436C21C0FDB80064FCBC /* ProfileViewController.swift in Sources */ = {isa = PBXBuildFile; fileRef = E845436B21C0FDB80064FCBC /* ProfileViewController.swift */; };
		E845436E21C0FDC90064FCBC /* MoreViewController.swift in Sources */ = {isa = PBXBuildFile; fileRef = E845436D21C0FDC90064FCBC /* MoreViewController.swift */; };
		E845437021C110CC0064FCBC /* tabBarViewController.swift in Sources */ = {isa = PBXBuildFile; fileRef = E845436F21C110CC0064FCBC /* tabBarViewController.swift */; };
		E845437321C125B80064FCBC /* Utility.swift in Sources */ = {isa = PBXBuildFile; fileRef = E845437221C125B80064FCBC /* Utility.swift */; };
		E845437521C125DD0064FCBC /* Const.swift in Sources */ = {isa = PBXBuildFile; fileRef = E845437421C125DC0064FCBC /* Const.swift */; };
		E845437A21C12A1F0064FCBC /* Slider.swift in Sources */ = {isa = PBXBuildFile; fileRef = E845437921C12A1F0064FCBC /* Slider.swift */; };
		E871C39B220B108A00AFA475 /* Assets.xcassets in Resources */ = {isa = PBXBuildFile; fileRef = E871C39A220B108800AFA475 /* Assets.xcassets */; };
		E88D768921C531AF00CF5CEA /* WarrantyInfoViewController.swift in Sources */ = {isa = PBXBuildFile; fileRef = E88D768821C531AF00CF5CEA /* WarrantyInfoViewController.swift */; };
		E88D768B21C5320700CF5CEA /* WarrantyActivateViewController.swift in Sources */ = {isa = PBXBuildFile; fileRef = E88D768A21C5320700CF5CEA /* WarrantyActivateViewController.swift */; };
		E88D768D21C5326000CF5CEA /* BatteryReturnViewController.swift in Sources */ = {isa = PBXBuildFile; fileRef = E88D768C21C5326000CF5CEA /* BatteryReturnViewController.swift */; };
		E88D768F21C5328B00CF5CEA /* ShopAndServiceViewController.swift in Sources */ = {isa = PBXBuildFile; fileRef = E88D768E21C5328B00CF5CEA /* ShopAndServiceViewController.swift */; };
		E88D769121C532A600CF5CEA /* AboutNirooGostaranViewController.swift in Sources */ = {isa = PBXBuildFile; fileRef = E88D769021C532A600CF5CEA /* AboutNirooGostaranViewController.swift */; };
		E88D769321C532E100CF5CEA /* LearningViewController.swift in Sources */ = {isa = PBXBuildFile; fileRef = E88D769221C532E100CF5CEA /* LearningViewController.swift */; };
		E8BE7E19213FB84200FD3E7A /* VerifyViewController.swift in Sources */ = {isa = PBXBuildFile; fileRef = E8BE7E18213FB84200FD3E7A /* VerifyViewController.swift */; };
		E8BE7E1E213FE22D00FD3E7A /* IRANSansMobile-Bold.ttf in Resources */ = {isa = PBXBuildFile; fileRef = E81BC7F3213E8D2E00BE4114 /* IRANSansMobile-Bold.ttf */; };
		E8BE7E1F213FE23000FD3E7A /* IRANSansMobile.ttf in Resources */ = {isa = PBXBuildFile; fileRef = E81BC7F2213E8D2E00BE4114 /* IRANSansMobile.ttf */; };
		E8EC7CB321CFE11B00A9C762 /* ScannerViewController.swift in Sources */ = {isa = PBXBuildFile; fileRef = E8EC7CB221CFE11B00A9C762 /* ScannerViewController.swift */; };
/* End PBXBuildFile section */

/* Begin PBXFileReference section */
		61384365A3A5FABF96390563 /* Pods-NirooGostaran.debug.xcconfig */ = {isa = PBXFileReference; includeInIndex = 1; lastKnownFileType = text.xcconfig; name = "Pods-NirooGostaran.debug.xcconfig"; path = "Pods/Target Support Files/Pods-NirooGostaran/Pods-NirooGostaran.debug.xcconfig"; sourceTree = "<group>"; };
		9A41A13BAD41C71BC6966D46 /* Pods-NirooGostaran.release.xcconfig */ = {isa = PBXFileReference; includeInIndex = 1; lastKnownFileType = text.xcconfig; name = "Pods-NirooGostaran.release.xcconfig"; path = "Pods/Target Support Files/Pods-NirooGostaran/Pods-NirooGostaran.release.xcconfig"; sourceTree = "<group>"; };
		A1796275B88B0824AFA49C2F /* Pods_NirooGostaran.framework */ = {isa = PBXFileReference; explicitFileType = wrapper.framework; includeInIndex = 0; path = Pods_NirooGostaran.framework; sourceTree = BUILT_PRODUCTS_DIR; };
		E81BC7D7213E5ADC00BE4114 /* NirooGostaran.app */ = {isa = PBXFileReference; explicitFileType = wrapper.application; includeInIndex = 0; path = NirooGostaran.app; sourceTree = BUILT_PRODUCTS_DIR; };
		E81BC7DA213E5ADC00BE4114 /* AppDelegate.swift */ = {isa = PBXFileReference; lastKnownFileType = sourcecode.swift; path = AppDelegate.swift; sourceTree = "<group>"; };
		E81BC7DC213E5ADC00BE4114 /* ViewController.swift */ = {isa = PBXFileReference; lastKnownFileType = sourcecode.swift; path = ViewController.swift; sourceTree = "<group>"; };
		E81BC7DF213E5ADC00BE4114 /* Base */ = {isa = PBXFileReference; lastKnownFileType = file.storyboard; name = Base; path = Base.lproj/Main.storyboard; sourceTree = "<group>"; };
		E81BC7E4213E5ADD00BE4114 /* Base */ = {isa = PBXFileReference; lastKnownFileType = file.storyboard; name = Base; path = Base.lproj/LaunchScreen.storyboard; sourceTree = "<group>"; };
		E81BC7E6213E5ADD00BE4114 /* Info.plist */ = {isa = PBXFileReference; lastKnownFileType = text.plist.xml; path = Info.plist; sourceTree = "<group>"; };
		E81BC7F2213E8D2E00BE4114 /* IRANSansMobile.ttf */ = {isa = PBXFileReference; lastKnownFileType = file; path = IRANSansMobile.ttf; sourceTree = "<group>"; };
		E81BC7F3213E8D2E00BE4114 /* IRANSansMobile-Bold.ttf */ = {isa = PBXFileReference; lastKnownFileType = file; path = "IRANSansMobile-Bold.ttf"; sourceTree = "<group>"; };
		E845436921C0FDA40064FCBC /* HomeViewController.swift */ = {isa = PBXFileReference; lastKnownFileType = sourcecode.swift; path = HomeViewController.swift; sourceTree = "<group>"; };
		E845436B21C0FDB80064FCBC /* ProfileViewController.swift */ = {isa = PBXFileReference; lastKnownFileType = sourcecode.swift; path = ProfileViewController.swift; sourceTree = "<group>"; };
		E845436D21C0FDC90064FCBC /* MoreViewController.swift */ = {isa = PBXFileReference; lastKnownFileType = sourcecode.swift; path = MoreViewController.swift; sourceTree = "<group>"; };
		E845436F21C110CC0064FCBC /* tabBarViewController.swift */ = {isa = PBXFileReference; lastKnownFileType = sourcecode.swift; path = tabBarViewController.swift; sourceTree = "<group>"; };
		E845437221C125B80064FCBC /* Utility.swift */ = {isa = PBXFileReference; fileEncoding = 4; lastKnownFileType = sourcecode.swift; path = Utility.swift; sourceTree = "<group>"; };
		E845437421C125DC0064FCBC /* Const.swift */ = {isa = PBXFileReference; fileEncoding = 4; lastKnownFileType = sourcecode.swift; path = Const.swift; sourceTree = "<group>"; };
		E845437921C12A1F0064FCBC /* Slider.swift */ = {isa = PBXFileReference; fileEncoding = 4; lastKnownFileType = sourcecode.swift; path = Slider.swift; sourceTree = "<group>"; };
		E871C39A220B108800AFA475 /* Assets.xcassets */ = {isa = PBXFileReference; lastKnownFileType = folder.assetcatalog; path = Assets.xcassets; sourceTree = "<group>"; };
		E88D768821C531AF00CF5CEA /* WarrantyInfoViewController.swift */ = {isa = PBXFileReference; lastKnownFileType = sourcecode.swift; path = WarrantyInfoViewController.swift; sourceTree = "<group>"; };
		E88D768A21C5320700CF5CEA /* WarrantyActivateViewController.swift */ = {isa = PBXFileReference; lastKnownFileType = sourcecode.swift; path = WarrantyActivateViewController.swift; sourceTree = "<group>"; };
		E88D768C21C5326000CF5CEA /* BatteryReturnViewController.swift */ = {isa = PBXFileReference; lastKnownFileType = sourcecode.swift; path = BatteryReturnViewController.swift; sourceTree = "<group>"; };
		E88D768E21C5328B00CF5CEA /* ShopAndServiceViewController.swift */ = {isa = PBXFileReference; lastKnownFileType = sourcecode.swift; path = ShopAndServiceViewController.swift; sourceTree = "<group>"; };
		E88D769021C532A600CF5CEA /* AboutNirooGostaranViewController.swift */ = {isa = PBXFileReference; lastKnownFileType = sourcecode.swift; path = AboutNirooGostaranViewController.swift; sourceTree = "<group>"; };
		E88D769221C532E100CF5CEA /* LearningViewController.swift */ = {isa = PBXFileReference; lastKnownFileType = sourcecode.swift; path = LearningViewController.swift; sourceTree = "<group>"; };
		E8BE7E18213FB84200FD3E7A /* VerifyViewController.swift */ = {isa = PBXFileReference; lastKnownFileType = sourcecode.swift; path = VerifyViewController.swift; sourceTree = "<group>"; };
		E8EC7CB221CFE11B00A9C762 /* ScannerViewController.swift */ = {isa = PBXFileReference; lastKnownFileType = sourcecode.swift; path = ScannerViewController.swift; sourceTree = "<group>"; };
/* End PBXFileReference section */

/* Begin PBXFrameworksBuildPhase section */
		E81BC7D4213E5ADC00BE4114 /* Frameworks */ = {
			isa = PBXFrameworksBuildPhase;
			buildActionMask = 2147483647;
			files = (
				6CD4A0C2053C8D3903AA64CA /* Pods_NirooGostaran.framework in Frameworks */,
			);
			runOnlyForDeploymentPostprocessing = 0;
		};
/* End PBXFrameworksBuildPhase section */

/* Begin PBXGroup section */
		6643A28AF125136347C2698D /* Pods */ = {
			isa = PBXGroup;
			children = (
				61384365A3A5FABF96390563 /* Pods-NirooGostaran.debug.xcconfig */,
				9A41A13BAD41C71BC6966D46 /* Pods-NirooGostaran.release.xcconfig */,
			);
			name = Pods;
			sourceTree = "<group>";
		};
		86EE6B781232134836DBCDD4 /* Frameworks */ = {
			isa = PBXGroup;
			children = (
				A1796275B88B0824AFA49C2F /* Pods_NirooGostaran.framework */,
			);
			name = Frameworks;
			sourceTree = "<group>";
		};
		E81BC7CE213E5ADC00BE4114 = {
			isa = PBXGroup;
			children = (
				E81BC7D9213E5ADC00BE4114 /* NirooGostaran */,
				E81BC7D8213E5ADC00BE4114 /* Products */,
				6643A28AF125136347C2698D /* Pods */,
				86EE6B781232134836DBCDD4 /* Frameworks */,
			);
			sourceTree = "<group>";
		};
		E81BC7D8213E5ADC00BE4114 /* Products */ = {
			isa = PBXGroup;
			children = (
				E81BC7D7213E5ADC00BE4114 /* NirooGostaran.app */,
			);
			name = Products;
			sourceTree = "<group>";
		};
		E81BC7D9213E5ADC00BE4114 /* NirooGostaran */ = {
			isa = PBXGroup;
			children = (
				E845437821C12A040064FCBC /* model */,
				E845437721C129E70064FCBC /* controller */,
				E845437621C129C70064FCBC /* setting */,
				E81BC7F1213E8D1E00BE4114 /* fonts */,
				E81BC7DE213E5ADC00BE4114 /* Main.storyboard */,
				E81BC7E3213E5ADD00BE4114 /* LaunchScreen.storyboard */,
				E871C39A220B108800AFA475 /* Assets.xcassets */,
				E81BC7E6213E5ADD00BE4114 /* Info.plist */,
			);
			path = NirooGostaran;
			sourceTree = "<group>";
		};
		E81BC7F1213E8D1E00BE4114 /* fonts */ = {
			isa = PBXGroup;
			children = (
				E81BC7F3213E8D2E00BE4114 /* IRANSansMobile-Bold.ttf */,
				E81BC7F2213E8D2E00BE4114 /* IRANSansMobile.ttf */,
			);
			path = fonts;
			sourceTree = "<group>";
		};
		E845437621C129C70064FCBC /* setting */ = {
			isa = PBXGroup;
			children = (
				E81BC7DA213E5ADC00BE4114 /* AppDelegate.swift */,
				E845437221C125B80064FCBC /* Utility.swift */,
				E845437421C125DC0064FCBC /* Const.swift */,
			);
			path = setting;
			sourceTree = "<group>";
		};
		E845437721C129E70064FCBC /* controller */ = {
			isa = PBXGroup;
			children = (
				E81BC7DC213E5ADC00BE4114 /* ViewController.swift */,
				E88D768821C531AF00CF5CEA /* WarrantyInfoViewController.swift */,
				E88D768A21C5320700CF5CEA /* WarrantyActivateViewController.swift */,
				E88D768C21C5326000CF5CEA /* BatteryReturnViewController.swift */,
				E88D768E21C5328B00CF5CEA /* ShopAndServiceViewController.swift */,
				E88D769021C532A600CF5CEA /* AboutNirooGostaranViewController.swift */,
				E88D769221C532E100CF5CEA /* LearningViewController.swift */,
				E8BE7E18213FB84200FD3E7A /* VerifyViewController.swift */,
				E845436F21C110CC0064FCBC /* tabBarViewController.swift */,
				E845436921C0FDA40064FCBC /* HomeViewController.swift */,
				E845436B21C0FDB80064FCBC /* ProfileViewController.swift */,
				E845436D21C0FDC90064FCBC /* MoreViewController.swift */,
				E8EC7CB221CFE11B00A9C762 /* ScannerViewController.swift */,
			);
			path = controller;
			sourceTree = "<group>";
		};
		E845437821C12A040064FCBC /* model */ = {
			isa = PBXGroup;
			children = (
				E845437921C12A1F0064FCBC /* Slider.swift */,
			);
			path = model;
			sourceTree = "<group>";
		};
/* End PBXGroup section */

/* Begin PBXNativeTarget section */
		E81BC7D6213E5ADC00BE4114 /* NirooGostaran */ = {
			isa = PBXNativeTarget;
			buildConfigurationList = E81BC7E9213E5ADD00BE4114 /* Build configuration list for PBXNativeTarget "NirooGostaran" */;
			buildPhases = (
				A0735E05969AFF12788EB7E2 /* [CP] Check Pods Manifest.lock */,
				E81BC7D3213E5ADC00BE4114 /* Sources */,
				E81BC7D4213E5ADC00BE4114 /* Frameworks */,
				E81BC7D5213E5ADC00BE4114 /* Resources */,
				8AF06369452B7E633E1C32B0 /* [CP] Embed Pods Frameworks */,
			);
			buildRules = (
			);
			dependencies = (
			);
			name = NirooGostaran;
			productName = Sooraj;
			productReference = E81BC7D7213E5ADC00BE4114 /* NirooGostaran.app */;
			productType = "com.apple.product-type.application";
		};
/* End PBXNativeTarget section */

/* Begin PBXProject section */
		E81BC7CF213E5ADC00BE4114 /* Project object */ = {
			isa = PBXProject;
			attributes = {
				LastSwiftUpdateCheck = 0940;
				LastUpgradeCheck = 0940;
				ORGANIZATIONNAME = "Hamed Moosaei";
				TargetAttributes = {
					E81BC7D6213E5ADC00BE4114 = {
						CreatedOnToolsVersion = 9.4.1;
					};
				};
			};
			buildConfigurationList = E81BC7D2213E5ADC00BE4114 /* Build configuration list for PBXProject "NirooGostaran" */;
			compatibilityVersion = "Xcode 9.3";
			developmentRegion = en;
			hasScannedForEncodings = 0;
			knownRegions = (
				en,
				Base,
			);
			mainGroup = E81BC7CE213E5ADC00BE4114;
			productRefGroup = E81BC7D8213E5ADC00BE4114 /* Products */;
			projectDirPath = "";
			projectRoot = "";
			targets = (
				E81BC7D6213E5ADC00BE4114 /* NirooGostaran */,
			);
		};
/* End PBXProject section */

/* Begin PBXResourcesBuildPhase section */
		E81BC7D5213E5ADC00BE4114 /* Resources */ = {
			isa = PBXResourcesBuildPhase;
			buildActionMask = 2147483647;
			files = (
				E8BE7E1F213FE23000FD3E7A /* IRANSansMobile.ttf in Resources */,
				E8BE7E1E213FE22D00FD3E7A /* IRANSansMobile-Bold.ttf in Resources */,
				E81BC7E5213E5ADD00BE4114 /* LaunchScreen.storyboard in Resources */,
				E871C39B220B108A00AFA475 /* Assets.xcassets in Resources */,
				E81BC7E0213E5ADC00BE4114 /* Main.storyboard in Resources */,
			);
			runOnlyForDeploymentPostprocessing = 0;
		};
/* End PBXResourcesBuildPhase section */

/* Begin PBXShellScriptBuildPhase section */
		8AF06369452B7E633E1C32B0 /* [CP] Embed Pods Frameworks */ = {
			isa = PBXShellScriptBuildPhase;
			buildActionMask = 2147483647;
			files = (
			);
			inputPaths = (
				"${SRCROOT}/Pods/Target Support Files/Pods-NirooGostaran/Pods-NirooGostaran-frameworks.sh",
				"${BUILT_PRODUCTS_DIR}/Alamofire/Alamofire.framework",
				"${BUILT_PRODUCTS_DIR}/AlamofireImage/AlamofireImage.framework",
				"${BUILT_PRODUCTS_DIR}/DropDown/DropDown.framework",
				"${BUILT_PRODUCTS_DIR}/IQKeyboardManagerSwift/IQKeyboardManagerSwift.framework",
				"${BUILT_PRODUCTS_DIR}/ImageSlideshow/ImageSlideshow.framework",
				"${BUILT_PRODUCTS_DIR}/PersianDatePicker/PersianDatePicker.framework",
				"${BUILT_PRODUCTS_DIR}/SwiftyJSON/SwiftyJSON.framework",
				"${BUILT_PRODUCTS_DIR}/Toast-Swift/Toast_Swift.framework",
			);
			name = "[CP] Embed Pods Frameworks";
			outputPaths = (
				"${TARGET_BUILD_DIR}/${FRAMEWORKS_FOLDER_PATH}/Alamofire.framework",
				"${TARGET_BUILD_DIR}/${FRAMEWORKS_FOLDER_PATH}/AlamofireImage.framework",
				"${TARGET_BUILD_DIR}/${FRAMEWORKS_FOLDER_PATH}/DropDown.framework",
				"${TARGET_BUILD_DIR}/${FRAMEWORKS_FOLDER_PATH}/IQKeyboardManagerSwift.framework",
				"${TARGET_BUILD_DIR}/${FRAMEWORKS_FOLDER_PATH}/ImageSlideshow.framework",
				"${TARGET_BUILD_DIR}/${FRAMEWORKS_FOLDER_PATH}/PersianDatePicker.framework",
				"${TARGET_BUILD_DIR}/${FRAMEWORKS_FOLDER_PATH}/SwiftyJSON.framework",
				"${TARGET_BUILD_DIR}/${FRAMEWORKS_FOLDER_PATH}/Toast_Swift.framework",
			);
			runOnlyForDeploymentPostprocessing = 0;
			shellPath = /bin/sh;
			shellScript = "\"${SRCROOT}/Pods/Target Support Files/Pods-NirooGostaran/Pods-NirooGostaran-frameworks.sh\"\n";
			showEnvVarsInLog = 0;
		};
		A0735E05969AFF12788EB7E2 /* [CP] Check Pods Manifest.lock */ = {
			isa = PBXShellScriptBuildPhase;
			buildActionMask = 2147483647;
			files = (
			);
			inputPaths = (
				"${PODS_PODFILE_DIR_PATH}/Podfile.lock",
				"${PODS_ROOT}/Manifest.lock",
			);
			name = "[CP] Check Pods Manifest.lock";
			outputPaths = (
				"$(DERIVED_FILE_DIR)/Pods-NirooGostaran-checkManifestLockResult.txt",
			);
			runOnlyForDeploymentPostprocessing = 0;
			shellPath = /bin/sh;
			shellScript = "diff \"${PODS_PODFILE_DIR_PATH}/Podfile.lock\" \"${PODS_ROOT}/Manifest.lock\" > /dev/null\nif [ $? != 0 ] ; then\n    # print error to STDERR\n    echo \"error: The sandbox is not in sync with the Podfile.lock. Run 'pod install' or update your CocoaPods installation.\" >&2\n    exit 1\nfi\n# This output is used by Xcode 'outputs' to avoid re-running this script phase.\necho \"SUCCESS\" > \"${SCRIPT_OUTPUT_FILE_0}\"\n";
			showEnvVarsInLog = 0;
		};
/* End PBXShellScriptBuildPhase section */

/* Begin PBXSourcesBuildPhase section */
		E81BC7D3213E5ADC00BE4114 /* Sources */ = {
			isa = PBXSourcesBuildPhase;
			buildActionMask = 2147483647;
			files = (
				E8BE7E19213FB84200FD3E7A /* VerifyViewController.swift in Sources */,
				E81BC7DD213E5ADC00BE4114 /* ViewController.swift in Sources */,
				E88D768F21C5328B00CF5CEA /* ShopAndServiceViewController.swift in Sources */,
				E845436C21C0FDB80064FCBC /* ProfileViewController.swift in Sources */,
				E845437021C110CC0064FCBC /* tabBarViewController.swift in Sources */,
				E845437A21C12A1F0064FCBC /* Slider.swift in Sources */,
				E8EC7CB321CFE11B00A9C762 /* ScannerViewController.swift in Sources */,
				E88D769321C532E100CF5CEA /* LearningViewController.swift in Sources */,
				E845437321C125B80064FCBC /* Utility.swift in Sources */,
				E88D768921C531AF00CF5CEA /* WarrantyInfoViewController.swift in Sources */,
				E845436E21C0FDC90064FCBC /* MoreViewController.swift in Sources */,
				E81BC7DB213E5ADC00BE4114 /* AppDelegate.swift in Sources */,
				E845436A21C0FDA40064FCBC /* HomeViewController.swift in Sources */,
				E88D768D21C5326000CF5CEA /* BatteryReturnViewController.swift in Sources */,
				E845437521C125DD0064FCBC /* Const.swift in Sources */,
				E88D768B21C5320700CF5CEA /* WarrantyActivateViewController.swift in Sources */,
				E88D769121C532A600CF5CEA /* AboutNirooGostaranViewController.swift in Sources */,
			);
			runOnlyForDeploymentPostprocessing = 0;
		};
/* End PBXSourcesBuildPhase section */

/* Begin PBXVariantGroup section */
		E81BC7DE213E5ADC00BE4114 /* Main.storyboard */ = {
			isa = PBXVariantGroup;
			children = (
				E81BC7DF213E5ADC00BE4114 /* Base */,
			);
			name = Main.storyboard;
			sourceTree = "<group>";
		};
		E81BC7E3213E5ADD00BE4114 /* LaunchScreen.storyboard */ = {
			isa = PBXVariantGroup;
			children = (
				E81BC7E4213E5ADD00BE4114 /* Base */,
			);
			name = LaunchScreen.storyboard;
			sourceTree = "<group>";
		};
/* End PBXVariantGroup section */

/* Begin XCBuildConfiguration section */
		E81BC7E7213E5ADD00BE4114 /* Debug */ = {
			isa = XCBuildConfiguration;
			buildSettings = {
				ALWAYS_SEARCH_USER_PATHS = NO;
				CLANG_ANALYZER_NONNULL = YES;
				CLANG_ANALYZER_NUMBER_OBJECT_CONVERSION = YES_AGGRESSIVE;
				CLANG_CXX_LANGUAGE_STANDARD = "gnu++14";
				CLANG_CXX_LIBRARY = "libc++";
				CLANG_ENABLE_MODULES = YES;
				CLANG_ENABLE_OBJC_ARC = YES;
				CLANG_ENABLE_OBJC_WEAK = YES;
				CLANG_WARN_BLOCK_CAPTURE_AUTORELEASING = YES;
				CLANG_WARN_BOOL_CONVERSION = YES;
				CLANG_WARN_COMMA = YES;
				CLANG_WARN_CONSTANT_CONVERSION = YES;
				CLANG_WARN_DEPRECATED_OBJC_IMPLEMENTATIONS = YES;
				CLANG_WARN_DIRECT_OBJC_ISA_USAGE = YES_ERROR;
				CLANG_WARN_DOCUMENTATION_COMMENTS = YES;
				CLANG_WARN_EMPTY_BODY = YES;
				CLANG_WARN_ENUM_CONVERSION = YES;
				CLANG_WARN_INFINITE_RECURSION = YES;
				CLANG_WARN_INT_CONVERSION = YES;
				CLANG_WARN_NON_LITERAL_NULL_CONVERSION = YES;
				CLANG_WARN_OBJC_IMPLICIT_RETAIN_SELF = YES;
				CLANG_WARN_OBJC_LITERAL_CONVERSION = YES;
				CLANG_WARN_OBJC_ROOT_CLASS = YES_ERROR;
				CLANG_WARN_RANGE_LOOP_ANALYSIS = YES;
				CLANG_WARN_STRICT_PROTOTYPES = YES;
				CLANG_WARN_SUSPICIOUS_MOVE = YES;
				CLANG_WARN_UNGUARDED_AVAILABILITY = YES_AGGRESSIVE;
				CLANG_WARN_UNREACHABLE_CODE = YES;
				CLANG_WARN__DUPLICATE_METHOD_MATCH = YES;
				CODE_SIGN_IDENTITY = "iPhone Developer";
				COPY_PHASE_STRIP = NO;
				DEBUG_INFORMATION_FORMAT = dwarf;
				ENABLE_STRICT_OBJC_MSGSEND = YES;
				ENABLE_TESTABILITY = YES;
				GCC_C_LANGUAGE_STANDARD = gnu11;
				GCC_DYNAMIC_NO_PIC = NO;
				GCC_NO_COMMON_BLOCKS = YES;
				GCC_OPTIMIZATION_LEVEL = 0;
				GCC_PREPROCESSOR_DEFINITIONS = (
					"DEBUG=1",
					"$(inherited)",
				);
				GCC_WARN_64_TO_32_BIT_CONVERSION = YES;
				GCC_WARN_ABOUT_RETURN_TYPE = YES_ERROR;
				GCC_WARN_UNDECLARED_SELECTOR = YES;
				GCC_WARN_UNINITIALIZED_AUTOS = YES_AGGRESSIVE;
				GCC_WARN_UNUSED_FUNCTION = YES;
				GCC_WARN_UNUSED_VARIABLE = YES;
				IPHONEOS_DEPLOYMENT_TARGET = 11.4;
				MTL_ENABLE_DEBUG_INFO = YES;
				ONLY_ACTIVE_ARCH = YES;
				SDKROOT = iphoneos;
				SWIFT_ACTIVE_COMPILATION_CONDITIONS = DEBUG;
				SWIFT_OPTIMIZATION_LEVEL = "-Onone";
			};
			name = Debug;
		};
		E81BC7E8213E5ADD00BE4114 /* Release */ = {
			isa = XCBuildConfiguration;
			buildSettings = {
				ALWAYS_SEARCH_USER_PATHS = NO;
				CLANG_ANALYZER_NONNULL = YES;
				CLANG_ANALYZER_NUMBER_OBJECT_CONVERSION = YES_AGGRESSIVE;
				CLANG_CXX_LANGUAGE_STANDARD = "gnu++14";
				CLANG_CXX_LIBRARY = "libc++";
				CLANG_ENABLE_MODULES = YES;
				CLANG_ENABLE_OBJC_ARC = YES;
				CLANG_ENABLE_OBJC_WEAK = YES;
				CLANG_WARN_BLOCK_CAPTURE_AUTORELEASING = YES;
				CLANG_WARN_BOOL_CONVERSION = YES;
				CLANG_WARN_COMMA = YES;
				CLANG_WARN_CONSTANT_CONVERSION = YES;
				CLANG_WARN_DEPRECATED_OBJC_IMPLEMENTATIONS = YES;
				CLANG_WARN_DIRECT_OBJC_ISA_USAGE = YES_ERROR;
				CLANG_WARN_DOCUMENTATION_COMMENTS = YES;
				CLANG_WARN_EMPTY_BODY = YES;
				CLANG_WARN_ENUM_CONVERSION = YES;
				CLANG_WARN_INFINITE_RECURSION = YES;
				CLANG_WARN_INT_CONVERSION = YES;
				CLANG_WARN_NON_LITERAL_NULL_CONVERSION = YES;
				CLANG_WARN_OBJC_IMPLICIT_RETAIN_SELF = YES;
				CLANG_WARN_OBJC_LITERAL_CONVERSION = YES;
				CLANG_WARN_OBJC_ROOT_CLASS = YES_ERROR;
				CLANG_WARN_RANGE_LOOP_ANALYSIS = YES;
				CLANG_WARN_STRICT_PROTOTYPES = YES;
				CLANG_WARN_SUSPICIOUS_MOVE = YES;
				CLANG_WARN_UNGUARDED_AVAILABILITY = YES_AGGRESSIVE;
				CLANG_WARN_UNREACHABLE_CODE = YES;
				CLANG_WARN__DUPLICATE_METHOD_MATCH = YES;
				CODE_SIGN_IDENTITY = "iPhone Developer";
				COPY_PHASE_STRIP = NO;
				DEBUG_INFORMATION_FORMAT = "dwarf-with-dsym";
				ENABLE_NS_ASSERTIONS = NO;
				ENABLE_STRICT_OBJC_MSGSEND = YES;
				GCC_C_LANGUAGE_STANDARD = gnu11;
				GCC_NO_COMMON_BLOCKS = YES;
				GCC_WARN_64_TO_32_BIT_CONVERSION = YES;
				GCC_WARN_ABOUT_RETURN_TYPE = YES_ERROR;
				GCC_WARN_UNDECLARED_SELECTOR = YES;
				GCC_WARN_UNINITIALIZED_AUTOS = YES_AGGRESSIVE;
				GCC_WARN_UNUSED_FUNCTION = YES;
				GCC_WARN_UNUSED_VARIABLE = YES;
				IPHONEOS_DEPLOYMENT_TARGET = 11.4;
				MTL_ENABLE_DEBUG_INFO = NO;
				SDKROOT = iphoneos;
				SWIFT_COMPILATION_MODE = wholemodule;
				SWIFT_OPTIMIZATION_LEVEL = "-O";
				VALIDATE_PRODUCT = YES;
			};
			name = Release;
		};
		E81BC7EA213E5ADD00BE4114 /* Debug */ = {
			isa = XCBuildConfiguration;
			baseConfigurationReference = 61384365A3A5FABF96390563 /* Pods-NirooGostaran.debug.xcconfig */;
			buildSettings = {
				ASSETCATALOG_COMPILER_APPICON_NAME = AppIcon;
				CODE_SIGN_STYLE = Automatic;
				DEVELOPMENT_TEAM = 2RJFX5PSNK;
				INFOPLIST_FILE = NirooGostaran/Info.plist;
				IPHONEOS_DEPLOYMENT_TARGET = 10.0;
				LD_RUNPATH_SEARCH_PATHS = (
					"$(inherited)",
					"@executable_path/Frameworks",
				);
				PRODUCT_BUNDLE_IDENTIFIER = project.silverage.NirooGostaran;
				PRODUCT_MODULE_NAME = "$(PRODUCT_NAME:c99extidentifier)";
				PRODUCT_NAME = "$(TARGET_NAME)";
				SWIFT_VERSION = 4.0;
				TARGETED_DEVICE_FAMILY = "1,2";
			};
			name = Debug;
		};
		E81BC7EB213E5ADD00BE4114 /* Release */ = {
			isa = XCBuildConfiguration;
			baseConfigurationReference = 9A41A13BAD41C71BC6966D46 /* Pods-NirooGostaran.release.xcconfig */;
			buildSettings = {
				ASSETCATALOG_COMPILER_APPICON_NAME = AppIcon;
				CODE_SIGN_STYLE = Automatic;
				DEVELOPMENT_TEAM = 2RJFX5PSNK;
				INFOPLIST_FILE = NirooGostaran/Info.plist;
				IPHONEOS_DEPLOYMENT_TARGET = 10.0;
				LD_RUNPATH_SEARCH_PATHS = (
					"$(inherited)",
					"@executable_path/Frameworks",
				);
				PRODUCT_BUNDLE_IDENTIFIER = project.silverage.NirooGostaran;
				PRODUCT_MODULE_NAME = "$(PRODUCT_NAME:c99extidentifier)";
				PRODUCT_NAME = "$(TARGET_NAME)";
				SWIFT_VERSION = 4.0;
				TARGETED_DEVICE_FAMILY = "1,2";
			};
			name = Release;
		};
/* End XCBuildConfiguration section */

/* Begin XCConfigurationList section */
		E81BC7D2213E5ADC00BE4114 /* Build configuration list for PBXProject "NirooGostaran" */ = {
			isa = XCConfigurationList;
			buildConfigurations = (
				E81BC7E7213E5ADD00BE4114 /* Debug */,
				E81BC7E8213E5ADD00BE4114 /* Release */,
			);
			defaultConfigurationIsVisible = 0;
			defaultConfigurationName = Release;
		};
		E81BC7E9213E5ADD00BE4114 /* Build configuration list for PBXNativeTarget "NirooGostaran" */ = {
			isa = XCConfigurationList;
			buildConfigurations = (
				E81BC7EA213E5ADD00BE4114 /* Debug */,
				E81BC7EB213E5ADD00BE4114 /* Release */,
			);
			defaultConfigurationIsVisible = 0;
			defaultConfigurationName = Release;
		};
/* End XCConfigurationList section */
	};
	rootObject = E81BC7CF213E5ADC00BE4114 /* Project object */;
}
